{
  "nodes": {
    "glaze-stable": {
      "locked": {
        "lastModified": 1787525875,
        "narHash": "sha256-sKbMlkDCBVmAjUVT94LwhVtET/YEMtZaFdn5UduWxz8=",
        "owner": "NixOS",
        "repo": "nixpkgs",
        "rev": "a3b98866eecd08edac6e61a3081e69540a35020f",
        "type": "github"
      },
      "original": {
        "owner": "NixOS",
        "ref": "nixos-26.05",
        "repo": "nixpkgs",
        "type": "github"
      }
    },
    "home-manager": {
      "inputs": {
        "nixpkgs": [
          "nixpkgs"
        ]
      },
      "locked": {
        "lastModified": 1787540599,
        "narHash": "sha256-MHwk52ty3NsLhq9a1IbIfBJZlCUJIdiUYFo52JLK9hY=",
        "owner": "nix-community",
        "repo": "home-manager",
        "rev": "03f4cd46bc1dd4f3a96da778d2ce9f7ce39dd450",
        "type": "github"
      },
      "original": {
        "owner": "nix-community",
        "ref": "master",
        "repo": "home-manager",
        "type": "github"
      }
    },
    "home-manager_2": {
      "inputs": {
        "nixpkgs": [
          "zen-browser",
          "nixpkgs"
        ]
      },
      "locked": {
        "lastModified": 1786719456,
        "narHash": "sha256-B74DLQs/VjlqyhnnX3tguWwghqJHWSJX30TKZuAljIg=",
        "owner": "nix-community",
        "repo": "home-manager",
        "rev": "83b7606dcf44abe3a94b86e8bb2b3355d22e8797",
        "type": "github"
      },
      "original": {
        "owner": "nix-community",
        "repo": "home-manager",
        "type": "github"
      }
    },
    "nixpkgs": {
      "locked": {
        "lastModified": 1787498568,
        "narHash": "sha256-FoOSoBG7tEvOlGRTpWnVdY506Ner4y7r7UYO3OGgmE8=",
        "rev": "56c02bc00adcf003215cc4bd996d6efaf4cff188",
        "type": "tarball",
        "url": "https://releases.nixos.org/nixos/unstable/nixos-26.11pre1060451.56c02bc00adc/nixexprs.tar.xz"
      },
      "original": {
        "id": "nixpkgs",
        "ref": "nixos-unstable",
        "type": "indirect"
      }
    },
    "nixpkgs_2": {
      "locked": {
        "lastModified": 1787360063,
        "narHash": "sha256-95aJfHyQTLWslCXFVNB0odgmVkpdmDezQwTg9mhqV1E=",
        "rev": "2c423e03bbafcff28bfadc6781a4a8257f205cb5",
        "type": "tarball",
        "url": "https://releases.nixos.org/nixos/unstable/nixos-26.11pre1059570.2c423e03bbaf/nixexprs.tar.zst"
      },
      "original": {
        "type": "tarball",
        "url": "https://channels.nixos.org/nixos-unstable/nixexprs.tar.zst"
      }
    },
    "nixpkgs_3": {
      "locked": {
        "lastModified": 1786599213,
        "narHash": "sha256-yNJd40f11EzXBjSByCB7IPpeFFAdeoSKKM67dGkfFoU=",
        "owner": "nixos",
        "repo": "nixpkgs",
        "rev": "0e251e24a4f24e036a084b6b4b2d2491af4167f4",
        "type": "github"
      },
      "original": {
        "owner": "nixos",
        "ref": "nixos-unstable",
        "repo": "nixpkgs",
        "type": "github"
      }
    },
    "noctalia": {
      "inputs": {
        "nixpkgs": "nixpkgs_2"
      },
      "locked": {
        "lastModified": 1787624990,
        "narHash": "sha256-GYiCoMAaTD9TiprDbrNcuxeHNeiX5HVFyRf6iESl13A=",
        "owner": "noctalia-dev",
        "repo": "noctalia",
        "rev": "e6846db9ab4e6e4c107c4c5072cde9223d6a58c5",
        "type": "github"
      },
      "original": {
        "owner": "noctalia-dev",
        "repo": "noctalia",
        "type": "github"
      }
    },
    "root": {
      "inputs": {
        "glaze-stable": "glaze-stable",
        "home-manager": "home-manager",
        "nixpkgs": "nixpkgs",
        "noctalia": "noctalia",
        "zen-browser": "zen-browser"
      }
    },
    "zen-browser": {
      "inputs": {
        "home-manager": "home-manager_2",
        "nixpkgs": "nixpkgs_3"
      },
      "locked": {
        "lastModified": 1787540616,
        "narHash": "sha256-c+dIgStaq3qNaQxhAiiXY3upNTIdn7tCcqPnwsmKTmY=",
        "owner": "0xc000022070",
        "repo": "zen-browser-flake",
        "rev": "51df7b8cbb0fcba14a9b159531ef48d0cd69dde9",
        "type": "github"
      },
      "original": {
        "owner": "0xc000022070",
        "repo": "zen-browser-flake",
        "type": "github"
      }
    }
  },
  "root": "root",
  "version": 7
}
